
Microsoft Visual Studio Solution File, Format Version 12.00
# Visual Studio Version 17
VisualStudioVersion = 17.14.36518.9 d17.14
MinimumVisualStudioVersion = 10.0.40219.1
Project("{8BC9CEB8-8B4A-11D0-8D11-00A0C91BC942}") = "Q5-10", "Q5-10\Q5-10.vcxproj", "{75FE7252-9680-4A6E-9093-6444921DBD53}"
EndProject
Global
	GlobalSection(SolutionConfigurationPlatforms) = preSolution
		Debug|x64 = Debug|x64
		Debug|x86 = Debug|x86
		Release|x64 = Release|x64
		Release|x86 = Release|x86
	EndGlobalSection
	GlobalSection(ProjectConfigurationPlatforms) = postSolution
		{75FE7252-9680-4A6E-9093-6444921DBD53}.Debug|x64.ActiveCfg = Debug|x64
		{75FE7252-9680-4A6E-9093-6444921DBD53}.Debug|x64.Build.0 = Debug|x64
		{75FE7252-9680-4A6E-9093-6444921DBD53}.Debug|x86.ActiveCfg = Debug|Win32
		{75FE7252-9680-4A6E-9093-6444921DBD53}.Debug|x86.Build.0 = Debug|Win32
		{75FE7252-9680-4A6E-9093-6444921DBD53}.Release|x64.ActiveCfg = Release|x64
		{75FE7252-9680-4A6E-9093-6444921DBD53}.Release|x64.Build.0 = Release|x64
		{75FE7252-9680-4A6E-9093-6444921DBD53}.Release|x86.ActiveCfg = Release|Win32
		{75FE7252-9680-4A6E-9093-6444921DBD53}.Release|x86.Build.0 = Release|Win32
	EndGlobalSection
	GlobalSection(SolutionProperties) = preSolution
		HideSolutionNode = FALSE
	EndGlobalSection
	GlobalSection(ExtensibilityGlobals) = postSolution
		SolutionGuid = {0F93D474-6DEC-49EC-ACED-0786D88F3DB3}
	EndGlobalSection
EndGlobal
