
Microsoft Visual Studio Solution File, Format Version 12.00
# Visual Studio Version 17
VisualStudioVersion = 17.14.36623.8 d17.14
MinimumVisualStudioVersion = 10.0.40219.1
Project("{8BC9CEB8-8B4A-11D0-8D11-00A0C91BC942}") = "Q8-5", "Q8-5\Q8-5.vcxproj", "{EDC5F1D1-652D-4406-A034-4B3E1217022C}"
EndProject
Global
	GlobalSection(SolutionConfigurationPlatforms) = preSolution
		Debug|x64 = Debug|x64
		Debug|x86 = Debug|x86
		Release|x64 = Release|x64
		Release|x86 = Release|x86
	EndGlobalSection
	GlobalSection(ProjectConfigurationPlatforms) = postSolution
		{EDC5F1D1-652D-4406-A034-4B3E1217022C}.Debug|x64.ActiveCfg = Debug|x64
		{EDC5F1D1-652D-4406-A034-4B3E1217022C}.Debug|x64.Build.0 = Debug|x64
		{EDC5F1D1-652D-4406-A034-4B3E1217022C}.Debug|x86.ActiveCfg = Debug|Win32
		{EDC5F1D1-652D-4406-A034-4B3E1217022C}.Debug|x86.Build.0 = Debug|Win32
		{EDC5F1D1-652D-4406-A034-4B3E1217022C}.Release|x64.ActiveCfg = Release|x64
		{EDC5F1D1-652D-4406-A034-4B3E1217022C}.Release|x64.Build.0 = Release|x64
		{EDC5F1D1-652D-4406-A034-4B3E1217022C}.Release|x86.ActiveCfg = Release|Win32
		{EDC5F1D1-652D-4406-A034-4B3E1217022C}.Release|x86.Build.0 = Release|Win32
	EndGlobalSection
	GlobalSection(SolutionProperties) = preSolution
		HideSolutionNode = FALSE
	EndGlobalSection
	GlobalSection(ExtensibilityGlobals) = postSolution
		SolutionGuid = {BB785001-E98B-4248-8353-1CE46E3E2E7D}
	EndGlobalSection
EndGlobal
